
Microsoft Visual Studio Solution File, Format Version 12.00
# Visual Studio Version 16
VisualStudioVersion = 16.0.29920.165
MinimumVisualStudioVersion = 10.0.40219.1
Project("{FAE04EC0-301F-11D3-BF4B-00C04F79EFBC}") = "WpfCalc3", "WpfCalc3\WpfCalc3.csproj", "{9433B016-579E-46E1-BE4F-E48D56FA6F7D}"
EndProject
Project("{FAE04EC0-301F-11D3-BF4B-00C04F79EFBC}") = "WpfCalc3.CalcDeterminer", "WpfCalc3.Determiner\WpfCalc3.CalcDeterminer.csproj", "{8CE8CDC6-2AC8-4F68-9515-D66F06728D3D}"
EndProject
Global
	GlobalSection(SolutionConfigurationPlatforms) = preSolution
		Debug|Any CPU = Debug|Any CPU
		Release|Any CPU = Release|Any CPU
	EndGlobalSection
	GlobalSection(ProjectConfigurationPlatforms) = postSolution
		{9433B016-579E-46E1-BE4F-E48D56FA6F7D}.Debug|Any CPU.ActiveCfg = Debug|Any CPU
		{9433B016-579E-46E1-BE4F-E48D56FA6F7D}.Debug|Any CPU.Build.0 = Debug|Any CPU
		{9433B016-579E-46E1-BE4F-E48D56FA6F7D}.Release|Any CPU.ActiveCfg = Release|Any CPU
		{9433B016-579E-46E1-BE4F-E48D56FA6F7D}.Release|Any CPU.Build.0 = Release|Any CPU
		{8CE8CDC6-2AC8-4F68-9515-D66F06728D3D}.Debug|Any CPU.ActiveCfg = Debug|Any CPU
		{8CE8CDC6-2AC8-4F68-9515-D66F06728D3D}.Debug|Any CPU.Build.0 = Debug|Any CPU
		{8CE8CDC6-2AC8-4F68-9515-D66F06728D3D}.Release|Any CPU.ActiveCfg = Release|Any CPU
		{8CE8CDC6-2AC8-4F68-9515-D66F06728D3D}.Release|Any CPU.Build.0 = Release|Any CPU
	EndGlobalSection
	GlobalSection(SolutionProperties) = preSolution
		HideSolutionNode = FALSE
	EndGlobalSection
	GlobalSection(ExtensibilityGlobals) = postSolution
		SolutionGuid = {631EB6CE-2F37-4DAF-AC87-AD0BA8B7328E}
	EndGlobalSection
EndGlobal
